
Microsoft Visual Studio Solution File, Format Version 12.00
# Visual Studio Version 17
VisualStudioVersion = 17.8.34309.116
MinimumVisualStudioVersion = 10.0.40219.1
Project("{FAE04EC0-301F-11D3-BF4B-00C04F79EFBC}") = "WebApplication35", "WebApplication35.csproj", "{44548CBA-1238-4420-B98B-7B51CDCACF48}"
EndProject
Global
	GlobalSection(SolutionConfigurationPlatforms) = preSolution
		Debug|Any CPU = Debug|Any CPU
		Release|Any CPU = Release|Any CPU
	EndGlobalSection
	GlobalSection(ProjectConfigurationPlatforms) = postSolution
		{44548CBA-1238-4420-B98B-7B51CDCACF48}.Debug|Any CPU.ActiveCfg = Debug|Any CPU
		{44548CBA-1238-4420-B98B-7B51CDCACF48}.Debug|Any CPU.Build.0 = Debug|Any CPU
		{44548CBA-1238-4420-B98B-7B51CDCACF48}.Release|Any CPU.ActiveCfg = Release|Any CPU
		{44548CBA-1238-4420-B98B-7B51CDCACF48}.Release|Any CPU.Build.0 = Release|Any CPU
	EndGlobalSection
	GlobalSection(SolutionProperties) = preSolution
		HideSolutionNode = FALSE
	EndGlobalSection
	GlobalSection(ExtensibilityGlobals) = postSolution
		SolutionGuid = {6D41A609-59E8-4CB3-B4C1-DA87D2BB1E70}
	EndGlobalSection
EndGlobal
